{
  "name": "tdlib-types",
  "version": "0.1001006.4",
  "lockfileVersion": 1,
  "requires": true,
  "dependencies": {
    "concurrify": {
      "version": "1.1.1",
      "resolved": "https://registry.npmjs.org/concurrify/-/concurrify-1.1.1.tgz",
      "integrity": "sha512-m2UMqZAJ7Ys4Juu0IaToa/RbVuu5jR8dGVrwUOeQtfJjX0KDimUdPZ20tVrdSuqJwLaFbpI+lWxOmZSYxyCvmQ==",
      "dev": true,
      "requires": {
        "sanctuary-show": "^1.0.0",
        "sanctuary-type-identifiers": "^2.0.0"
      }
    },
    "denque": {
      "version": "1.4.1",
      "resolved": "https://registry.npmjs.org/denque/-/denque-1.4.1.tgz",
      "integrity": "sha512-OfzPuSZKGcgr96rf1oODnfjqBFmr1DVoc/TrItj3Ohe0Ah1C5WX5Baquw/9U9KovnQ88EqmJbD66rKYUQYN1tQ==",
      "dev": true
    },
    "fluture": {
      "version": "8.0.2",
      "resolved": "https://registry.npmjs.org/fluture/-/fluture-8.0.2.tgz",
      "integrity": "sha512-RqYYwq0U+/yBOU+5qHmlNK/qZVU1xwSpRqSVDTt8SXUVhdFJuxRcda/u/YHL/BhGoJ4L3ETA9Y/OuyTF4Q5rLw==",
      "dev": true,
      "requires": {
        "concurrify": "^1.0.0",
        "denque": "^1.1.1",
        "inspect-f": "^1.2.0",
        "sanctuary-type-classes": "^8.0.0",
        "sanctuary-type-identifiers": "^2.0.0"
      }
    },
    "inspect-f": {
      "version": "1.2.2",
      "resolved": "https://registry.npmjs.org/inspect-f/-/inspect-f-1.2.2.tgz",
      "integrity": "sha512-kHR/iUJ670cg9QLeoEhyzp/kqzBnPvXfzl+wE72+sOPuVv1vfXBwvWIFcr8DqnNSN44SDw9U41m4HEUSam1K2A==",
      "dev": true
    },
    "sanctuary-show": {
      "version": "1.0.0",
      "resolved": "https://registry.npmjs.org/sanctuary-show/-/sanctuary-show-1.0.0.tgz",
      "integrity": "sha512-63UqNGr5M6wkzKp6eGc/Gy6JBIV2PbzPd3q88+0F9z0qydAQsCWJ+7e4oor39rEEwj2GkZMDEhqGuiMl9eEnYw==",
      "dev": true
    },
    "sanctuary-type-classes": {
      "version": "8.2.1",
      "resolved": "https://registry.npmjs.org/sanctuary-type-classes/-/sanctuary-type-classes-8.2.1.tgz",
      "integrity": "sha512-5HRd/Nvif23Kl4iIIOof1HRcxnZMqiJvjsBjB/Ag0suHJtfi7bfjjLDVl2XEBTMmmeUvaW+ZErKrGwk7dHoorg==",
      "dev": true,
      "requires": {
        "sanctuary-type-identifiers": "1.0.x"
      },
      "dependencies": {
        "sanctuary-type-identifiers": {
          "version": "1.0.0",
          "resolved": "https://registry.npmjs.org/sanctuary-type-identifiers/-/sanctuary-type-identifiers-1.0.0.tgz",
          "integrity": "sha1-6PNZ8AbLXmJM+4RkYD/BFGCL3p8=",
          "dev": true
        }
      }
    },
    "sanctuary-type-identifiers": {
      "version": "2.0.1",
      "resolved": "https://registry.npmjs.org/sanctuary-type-identifiers/-/sanctuary-type-identifiers-2.0.1.tgz",
      "integrity": "sha1-/FJM9t2Szr/LsN2VCe/xkxWaIO0=",
      "dev": true
    },
    "tl-parser": {
      "version": "0.3.0",
      "resolved": "https://registry.npmjs.org/tl-parser/-/tl-parser-0.3.0.tgz",
      "integrity": "sha512-Al7SzAgf6zYpS6XBRJX7Mj9rjEe8CajU3AZPRVIUkAYoBB6JO6tH+7PO9pgXR688T+d8O+lmCrnZMhMgTKZIzg==",
      "dev": true
    },
    "tldoc": {
      "version": "0.2.0",
      "resolved": "https://registry.npmjs.org/tldoc/-/tldoc-0.2.0.tgz",
      "integrity": "sha512-CoPP5i3jQtKXmaGNeQ8/ucD1Pkxt7BG8qifKuCWfMXiES2QISycso6H2xG2mrgtjwZbdrBO/HDeFMpR3ALnZlw==",
      "dev": true,
      "requires": {
        "tl-parser": "^0.3.0"
      }
    }
  }
}
